
Microsoft Visual Studio Solution File, Format Version 12.00
# Visual Studio Version 16
VisualStudioVersion = 16.0.32228.343
MinimumVisualStudioVersion = 10.0.40219.1
Project("{FAE04EC0-301F-11D3-BF4B-00C04F79EFBC}") = "ConsoleApp3", "ConsoleApp3\ConsoleApp3.csproj", "{46CDC194-1606-4D17-8655-05E43F206076}"
EndProject
Global
	GlobalSection(SolutionConfigurationPlatforms) = preSolution
		Debug|Any CPU = Debug|Any CPU
		Release|Any CPU = Release|Any CPU
	EndGlobalSection
	GlobalSection(ProjectConfigurationPlatforms) = postSolution
		{46CDC194-1606-4D17-8655-05E43F206076}.Debug|Any CPU.ActiveCfg = Debug|Any CPU
		{46CDC194-1606-4D17-8655-05E43F206076}.Debug|Any CPU.Build.0 = Debug|Any CPU
		{46CDC194-1606-4D17-8655-05E43F206076}.Release|Any CPU.ActiveCfg = Release|Any CPU
		{46CDC194-1606-4D17-8655-05E43F206076}.Release|Any CPU.Build.0 = Release|Any CPU
	EndGlobalSection
	GlobalSection(SolutionProperties) = preSolution
		HideSolutionNode = FALSE
	EndGlobalSection
	GlobalSection(ExtensibilityGlobals) = postSolution
		SolutionGuid = {EA24D721-4840-49FC-8A50-E2861BB03C41}
	EndGlobalSection
EndGlobal
